// !$*UTF8*$!
{
	archiveVersion = 1;
	classes = {
	};
	objectVersion = 48;
	objects = {

/* Begin PBXBuildFile section */
		72DA89121DC971020047E31F /* Assets.xcassets in Resources */ = {isa = PBXBuildFile; fileRef = 72DA89111DC971020047E31F /* Assets.xcassets */; };
		DF109C941D52EBF50080C9DF /* TAFE-Queensland-Official-Partner-GC2018.png in Resources */ = {isa = PBXBuildFile; fileRef = DF109C931D52EBF50080C9DF /* TAFE-Queensland-Official-Partner-GC2018.png */; };
		DF4154841D52E510004CF01F /* images.png in Resources */ = {isa = PBXBuildFile; fileRef = DF4154831D52E510004CF01F /* images.png */; };
		DF4154861D52E534004CF01F /* dubspot-logo.jpg in Resources */ = {isa = PBXBuildFile; fileRef = DF4154851D52E534004CF01F /* dubspot-logo.jpg */; };
		DFE845A91D51849600682DF4 /* AppDelegate.swift in Sources */ = {isa = PBXBuildFile; fileRef = DFE845A81D51849600682DF4 /* AppDelegate.swift */; };
		DFE845AB1D51849600682DF4 /* ViewController.swift in Sources */ = {isa = PBXBuildFile; fileRef = DFE845AA1D51849600682DF4 /* ViewController.swift */; };
		DFE845AE1D51849600682DF4 /* Main.storyboard in Resources */ = {isa = PBXBuildFile; fileRef = DFE845AC1D51849600682DF4 /* Main.storyboard */; };
		DFE845B31D51849600682DF4 /* LaunchScreen.storyboard in Resources */ = {isa = PBXBuildFile; fileRef = DFE845B11D51849600682DF4 /* LaunchScreen.storyboard */; };
		DFE845BB1D51B3E000682DF4 /* snoop.jpg in Resources */ = {isa = PBXBuildFile; fileRef = DFE845BA1D51B3E000682DF4 /* snoop.jpg */; };
		DFE845BD1D52B8B500682DF4 /* unnamed-1.jpg in Resources */ = {isa = PBXBuildFile; fileRef = DFE845BC1D52B8B500682DF4 /* unnamed-1.jpg */; };
/* End PBXBuildFile section */

/* Begin PBXFileReference section */
		72DA89111DC971020047E31F /* Assets.xcassets */ = {isa = PBXFileReference; lastKnownFileType = folder.assetcatalog; path = Assets.xcassets; sourceTree = "<group>"; };
		DF109C931D52EBF50080C9DF /* TAFE-Queensland-Official-Partner-GC2018.png */ = {isa = PBXFileReference; lastKnownFileType = image.png; path = "TAFE-Queensland-Official-Partner-GC2018.png"; sourceTree = "<group>"; };
		DF4154831D52E510004CF01F /* images.png */ = {isa = PBXFileReference; lastKnownFileType = image.png; path = images.png; sourceTree = "<group>"; };
		DF4154851D52E534004CF01F /* dubspot-logo.jpg */ = {isa = PBXFileReference; lastKnownFileType = image.jpeg; path = "dubspot-logo.jpg"; sourceTree = "<group>"; };
		DFE845A51D51849600682DF4 /* Resume.app */ = {isa = PBXFileReference; explicitFileType = wrapper.application; includeInIndex = 0; path = Resume.app; sourceTree = BUILT_PRODUCTS_DIR; };
		DFE845A81D51849600682DF4 /* AppDelegate.swift */ = {isa = PBXFileReference; lastKnownFileType = sourcecode.swift; path = AppDelegate.swift; sourceTree = "<group>"; };
		DFE845AA1D51849600682DF4 /* ViewController.swift */ = {isa = PBXFileReference; lastKnownFileType = sourcecode.swift; path = ViewController.swift; sourceTree = "<group>"; };
		DFE845AD1D51849600682DF4 /* Base */ = {isa = PBXFileReference; lastKnownFileType = file.storyboard; name = Base; path = Base.lproj/Main.storyboard; sourceTree = "<group>"; };
		DFE845B21D51849600682DF4 /* Base */ = {isa = PBXFileReference; lastKnownFileType = file.storyboard; name = Base; path = Base.lproj/LaunchScreen.storyboard; sourceTree = "<group>"; };
		DFE845B41D51849600682DF4 /* Info.plist */ = {isa = PBXFileReference; lastKnownFileType = text.plist.xml; path = Info.plist; sourceTree = "<group>"; };
		DFE845BA1D51B3E000682DF4 /* snoop.jpg */ = {isa = PBXFileReference; lastKnownFileType = image.jpeg; path = snoop.jpg; sourceTree = "<group>"; };
		DFE845BC1D52B8B500682DF4 /* unnamed-1.jpg */ = {isa = PBXFileReference; lastKnownFileType = image.jpeg; path = "unnamed-1.jpg"; sourceTree = "<group>"; };
/* End PBXFileReference section */

/* Begin PBXFrameworksBuildPhase section */
		DFE845A21D51849600682DF4 /* Frameworks */ = {
			isa = PBXFrameworksBuildPhase;
			buildActionMask = 2147483647;
			files = (
			);
			runOnlyForDeploymentPostprocessing = 0;
		};
/* End PBXFrameworksBuildPhase section */

/* Begin PBXGroup section */
		DFE8459C1D51849500682DF4 = {
			isa = PBXGroup;
			children = (
				DFE845A71D51849600682DF4 /* Resume */,
				DFE845A61D51849600682DF4 /* Products */,
			);
			sourceTree = "<group>";
		};
		DFE845A61D51849600682DF4 /* Products */ = {
			isa = PBXGroup;
			children = (
				DFE845A51D51849600682DF4 /* Resume.app */,
			);
			name = Products;
			sourceTree = "<group>";
		};
		DFE845A71D51849600682DF4 /* Resume */ = {
			isa = PBXGroup;
			children = (
				DFE845A81D51849600682DF4 /* AppDelegate.swift */,
				DFE845AA1D51849600682DF4 /* ViewController.swift */,
				DFE845AC1D51849600682DF4 /* Main.storyboard */,
				DF109C931D52EBF50080C9DF /* TAFE-Queensland-Official-Partner-GC2018.png */,
				DFE845BC1D52B8B500682DF4 /* unnamed-1.jpg */,
				DF4154831D52E510004CF01F /* images.png */,
				DF4154851D52E534004CF01F /* dubspot-logo.jpg */,
				DFE845BA1D51B3E000682DF4 /* snoop.jpg */,
				72DA89111DC971020047E31F /* Assets.xcassets */,
				DFE845B11D51849600682DF4 /* LaunchScreen.storyboard */,
				DFE845B41D51849600682DF4 /* Info.plist */,
			);
			path = Resume;
			sourceTree = "<group>";
		};
/* End PBXGroup section */

/* Begin PBXNativeTarget section */
		DFE845A41D51849600682DF4 /* Resume */ = {
			isa = PBXNativeTarget;
			buildConfigurationList = DFE845B71D51849600682DF4 /* Build configuration list for PBXNativeTarget "Resume" */;
			buildPhases = (
				DFE845A11D51849600682DF4 /* Sources */,
				DFE845A21D51849600682DF4 /* Frameworks */,
				DFE845A31D51849600682DF4 /* Resources */,
			);
			buildRules = (
			);
			dependencies = (
			);
			name = Resume;
			productName = Resume;
			productReference = DFE845A51D51849600682DF4 /* Resume.app */;
			productType = "com.apple.product-type.application";
		};
/* End PBXNativeTarget section */

/* Begin PBXProject section */
		DFE8459D1D51849500682DF4 /* Project object */ = {
			isa = PBXProject;
			attributes = {
				LastSwiftUpdateCheck = 0800;
				LastUpgradeCheck = 0810;
				ORGANIZATIONNAME = Belleyonce;
				TargetAttributes = {
					DFE845A41D51849600682DF4 = {
						CreatedOnToolsVersion = 8.0;
						DevelopmentTeam = AGZ9L38CCG;
						ProvisioningStyle = Automatic;
					};
				};
			};
			buildConfigurationList = DFE845A01D51849500682DF4 /* Build configuration list for PBXProject "Resume" */;
			compatibilityVersion = "Xcode 8.0";
			developmentRegion = English;
			hasScannedForEncodings = 0;
			knownRegions = (
				en,
				Base,
			);
			mainGroup = DFE8459C1D51849500682DF4;
			productRefGroup = DFE845A61D51849600682DF4 /* Products */;
			projectDirPath = "";
			projectRoot = "";
			targets = (
				DFE845A41D51849600682DF4 /* Resume */,
			);
		};
/* End PBXProject section */

/* Begin PBXResourcesBuildPhase section */
		DFE845A31D51849600682DF4 /* Resources */ = {
			isa = PBXResourcesBuildPhase;
			buildActionMask = 2147483647;
			files = (
				DF109C941D52EBF50080C9DF /* TAFE-Queensland-Official-Partner-GC2018.png in Resources */,
				DFE845B31D51849600682DF4 /* LaunchScreen.storyboard in Resources */,
				DFE845AE1D51849600682DF4 /* Main.storyboard in Resources */,
				DF4154841D52E510004CF01F /* images.png in Resources */,
				DF4154861D52E534004CF01F /* dubspot-logo.jpg in Resources */,
				DFE845BB1D51B3E000682DF4 /* snoop.jpg in Resources */,
				72DA89121DC971020047E31F /* Assets.xcassets in Resources */,
				DFE845BD1D52B8B500682DF4 /* unnamed-1.jpg in Resources */,
			);
			runOnlyForDeploymentPostprocessing = 0;
		};
/* End PBXResourcesBuildPhase section */

/* Begin PBXSourcesBuildPhase section */
		DFE845A11D51849600682DF4 /* Sources */ = {
			isa = PBXSourcesBuildPhase;
			buildActionMask = 2147483647;
			files = (
				DFE845AB1D51849600682DF4 /* ViewController.swift in Sources */,
				DFE845A91D51849600682DF4 /* AppDelegate.swift in Sources */,
			);
			runOnlyForDeploymentPostprocessing = 0;
		};
/* End PBXSourcesBuildPhase section */

/* Begin PBXVariantGroup section */
		DFE845AC1D51849600682DF4 /* Main.storyboard */ = {
			isa = PBXVariantGroup;
			children = (
				DFE845AD1D51849600682DF4 /* Base */,
			);
			name = Main.storyboard;
			path = "/Users/bellenoble/Desktop/APP FILES/Resume/Resume";
			sourceTree = "<absolute>";
		};
		DFE845B11D51849600682DF4 /* LaunchScreen.storyboard */ = {
			isa = PBXVariantGroup;
			children = (
				DFE845B21D51849600682DF4 /* Base */,
			);
			name = LaunchScreen.storyboard;
			path = "/Users/bellenoble/Desktop/APP FILES/Resume/Resume";
			sourceTree = "<absolute>";
		};
/* End PBXVariantGroup section */

/* Begin XCBuildConfiguration section */
		DFE845B51D51849600682DF4 /* Debug */ = {
			isa = XCBuildConfiguration;
			buildSettings = {
				ALWAYS_SEARCH_USER_PATHS = YES;
				CLANG_ANALYZER_NONNULL = YES;
				CLANG_CXX_LANGUAGE_STANDARD = "gnu++0x";
				CLANG_CXX_LIBRARY = "libc++";
				CLANG_ENABLE_MODULES = YES;
				CLANG_ENABLE_OBJC_ARC = YES;
				CLANG_WARN_BOOL_CONVERSION = YES;
				CLANG_WARN_CONSTANT_CONVERSION = YES;
				CLANG_WARN_DIRECT_OBJC_ISA_USAGE = YES_ERROR;
				CLANG_WARN_DOCUMENTATION_COMMENTS = YES;
				CLANG_WARN_EMPTY_BODY = YES;
				CLANG_WARN_ENUM_CONVERSION = YES;
				CLANG_WARN_INFINITE_RECURSION = YES;
				CLANG_WARN_INT_CONVERSION = YES;
				CLANG_WARN_OBJC_ROOT_CLASS = YES_ERROR;
				CLANG_WARN_SUSPICIOUS_MOVE = YES;
				CLANG_WARN_SUSPICIOUS_MOVES = YES;
				CLANG_WARN_UNREACHABLE_CODE = YES;
				CLANG_WARN__DUPLICATE_METHOD_MATCH = YES;
				"CODE_SIGN_IDENTITY[sdk=iphoneos*]" = "iPhone Developer";
				COPY_PHASE_STRIP = YES;
				DEBUG_INFORMATION_FORMAT = dwarf;
				EMBED_ASSET_PACKS_IN_PRODUCT_BUNDLE = YES;
				ENABLE_STRICT_OBJC_MSGSEND = YES;
				ENABLE_TESTABILITY = YES;
				GCC_C_LANGUAGE_STANDARD = gnu99;
				GCC_DYNAMIC_NO_PIC = NO;
				GCC_NO_COMMON_BLOCKS = YES;
				GCC_OPTIMIZATION_LEVEL = 0;
				GCC_PREPROCESSOR_DEFINITIONS = (
					"DEBUG=1",
					"$(inherited)",
				);
				GCC_WARN_64_TO_32_BIT_CONVERSION = YES;
				GCC_WARN_ABOUT_RETURN_TYPE = YES_ERROR;
				GCC_WARN_UNDECLARED_SELECTOR = YES;
				GCC_WARN_UNINITIALIZED_AUTOS = YES_AGGRESSIVE;
				GCC_WARN_UNUSED_FUNCTION = YES;
				GCC_WARN_UNUSED_VARIABLE = YES;
				IPHONEOS_DEPLOYMENT_TARGET = 10.0;
				MTL_ENABLE_DEBUG_INFO = YES;
				ONLY_ACTIVE_ARCH = YES;
				SDKROOT = iphoneos;
				SWIFT_ACTIVE_COMPILATION_CONDITIONS = DEBUG;
				SWIFT_OPTIMIZATION_LEVEL = "-Onone";
				TARGETED_DEVICE_FAMILY = "1,2";
			};
			name = Debug;
		};
		DFE845B61D51849600682DF4 /* Release */ = {
			isa = XCBuildConfiguration;
			buildSettings = {
				ALWAYS_SEARCH_USER_PATHS = YES;
				CLANG_ANALYZER_NONNULL = YES;
				CLANG_CXX_LANGUAGE_STANDARD = "gnu++0x";
				CLANG_CXX_LIBRARY = "libc++";
				CLANG_ENABLE_MODULES = YES;
				CLANG_ENABLE_OBJC_ARC = YES;
				CLANG_WARN_BOOL_CONVERSION = YES;
				CLANG_WARN_CONSTANT_CONVERSION = YES;
				CLANG_WARN_DIRECT_OBJC_ISA_USAGE = YES_ERROR;
				CLANG_WARN_DOCUMENTATION_COMMENTS = YES;
				CLANG_WARN_EMPTY_BODY = YES;
				CLANG_WARN_ENUM_CONVERSION = YES;
				CLANG_WARN_INFINITE_RECURSION = YES;
				CLANG_WARN_INT_CONVERSION = YES;
				CLANG_WARN_OBJC_ROOT_CLASS = YES_ERROR;
				CLANG_WARN_SUSPICIOUS_MOVE = YES;
				CLANG_WARN_SUSPICIOUS_MOVES = YES;
				CLANG_WARN_UNREACHABLE_CODE = YES;
				CLANG_WARN__DUPLICATE_METHOD_MATCH = YES;
				"CODE_SIGN_IDENTITY[sdk=iphoneos*]" = "iPhone Developer";
				COPY_PHASE_STRIP = YES;
				DEBUG_INFORMATION_FORMAT = "dwarf-with-dsym";
				EMBED_ASSET_PACKS_IN_PRODUCT_BUNDLE = YES;
				ENABLE_NS_ASSERTIONS = NO;
				ENABLE_STRICT_OBJC_MSGSEND = YES;
				GCC_C_LANGUAGE_STANDARD = gnu99;
				GCC_NO_COMMON_BLOCKS = YES;
				GCC_WARN_64_TO_32_BIT_CONVERSION = YES;
				GCC_WARN_ABOUT_RETURN_TYPE = YES_ERROR;
				GCC_WARN_UNDECLARED_SELECTOR = YES;
				GCC_WARN_UNINITIALIZED_AUTOS = YES_AGGRESSIVE;
				GCC_WARN_UNUSED_FUNCTION = YES;
				GCC_WARN_UNUSED_VARIABLE = YES;
				IPHONEOS_DEPLOYMENT_TARGET = 10.0;
				MTL_ENABLE_DEBUG_INFO = NO;
				SDKROOT = iphoneos;
				SWIFT_OPTIMIZATION_LEVEL = "-Owholemodule";
				TARGETED_DEVICE_FAMILY = "1,2";
				VALIDATE_PRODUCT = YES;
			};
			name = Release;
		};
		DFE845B81D51849600682DF4 /* Debug */ = {
			isa = XCBuildConfiguration;
			buildSettings = {
				ASSETCATALOG_COMPILER_APPICON_NAME = AppIcon;
				DEVELOPMENT_TEAM = AGZ9L38CCG;
				INFOPLIST_FILE = Resume/Info.plist;
				IPHONEOS_DEPLOYMENT_TARGET = 9.3;
				LD_RUNPATH_SEARCH_PATHS = "$(inherited) @executable_path/Frameworks";
				PRODUCT_BUNDLE_IDENTIFIER = isabelle.noble.Resume;
				PRODUCT_NAME = "$(TARGET_NAME)";
				SWIFT_VERSION = 3.0;
			};
			name = Debug;
		};
		DFE845B91D51849600682DF4 /* Release */ = {
			isa = XCBuildConfiguration;
			buildSettings = {
				ASSETCATALOG_COMPILER_APPICON_NAME = AppIcon;
				DEVELOPMENT_TEAM = AGZ9L38CCG;
				INFOPLIST_FILE = Resume/Info.plist;
				IPHONEOS_DEPLOYMENT_TARGET = 9.3;
				LD_RUNPATH_SEARCH_PATHS = "$(inherited) @executable_path/Frameworks";
				PRODUCT_BUNDLE_IDENTIFIER = isabelle.noble.Resume;
				PRODUCT_NAME = "$(TARGET_NAME)";
				SWIFT_VERSION = 3.0;
			};
			name = Release;
		};
/* End XCBuildConfiguration section */

/* Begin XCConfigurationList section */
		DFE845A01D51849500682DF4 /* Build configuration list for PBXProject "Resume" */ = {
			isa = XCConfigurationList;
			buildConfigurations = (
				DFE845B51D51849600682DF4 /* Debug */,
				DFE845B61D51849600682DF4 /* Release */,
			);
			defaultConfigurationIsVisible = 0;
			defaultConfigurationName = Release;
		};
		DFE845B71D51849600682DF4 /* Build configuration list for PBXNativeTarget "Resume" */ = {
			isa = XCConfigurationList;
			buildConfigurations = (
				DFE845B81D51849600682DF4 /* Debug */,
				DFE845B91D51849600682DF4 /* Release */,
			);
			defaultConfigurationIsVisible = 0;
			defaultConfigurationName = Release;
		};
/* End XCConfigurationList section */
	};
	rootObject = DFE8459D1D51849500682DF4 /* Project object */;
}
